
Microsoft Visual Studio Solution File, Format Version 12.00
# Visual Studio Version 17
VisualStudioVersion = 17.9.34622.214
MinimumVisualStudioVersion = 10.0.40219.1
Project("{9A19103F-16F7-4668-BE54-9A1E7A4F7556}") = "CreateNewDatabaseApp", "CreateNewDatabaseAoo\CreateNewDatabaseApp.csproj", "{8F29C5F0-F164-40CA-B2CF-2ABD46F06EAD}"
EndProject
Project("{2150E333-8FDC-42A3-9474-1A3956D46DE8}") = "Solution Items", "Solution Items", "{013C5353-3B11-4C3C-B9B2-02D8CD9367D9}"
	ProjectSection(SolutionItems) = preProject
		readme.md = readme.md
		statements.md = statements.md
	EndProjectSection
EndProject
Project("{9A19103F-16F7-4668-BE54-9A1E7A4F7556}") = "SampleApp1", "SampleApp1\SampleApp1.csproj", "{5EF7E7EF-075A-4AC3-A1BE-49A3BBF67A0E}"
EndProject
Project("{9A19103F-16F7-4668-BE54-9A1E7A4F7556}") = "WinesApp", "Wines\WinesApp.csproj", "{86286629-1BA1-40FF-9982-A03743483891}"
EndProject
Project("{9A19103F-16F7-4668-BE54-9A1E7A4F7556}") = "SampleApp2", "SampleApp2\SampleApp2.csproj", "{5FDF525D-86C9-4949-9AC9-412354160F9F}"
EndProject
Project("{2150E333-8FDC-42A3-9474-1A3956D46DE8}") = "Class projects", "Class projects", "{297F3E64-C085-4149-8AB0-54B11AA3983D}"
EndProject
Project("{9A19103F-16F7-4668-BE54-9A1E7A4F7556}") = "PayneLibrary", "PayneLibrary\PayneLibrary.csproj", "{9304695D-800E-4681-BACA-E06901C53940}"
EndProject
Global
	GlobalSection(SolutionConfigurationPlatforms) = preSolution
		Debug|Any CPU = Debug|Any CPU
		Release|Any CPU = Release|Any CPU
	EndGlobalSection
	GlobalSection(ProjectConfigurationPlatforms) = postSolution
		{8F29C5F0-F164-40CA-B2CF-2ABD46F06EAD}.Debug|Any CPU.ActiveCfg = Debug|Any CPU
		{8F29C5F0-F164-40CA-B2CF-2ABD46F06EAD}.Debug|Any CPU.Build.0 = Debug|Any CPU
		{8F29C5F0-F164-40CA-B2CF-2ABD46F06EAD}.Release|Any CPU.ActiveCfg = Release|Any CPU
		{8F29C5F0-F164-40CA-B2CF-2ABD46F06EAD}.Release|Any CPU.Build.0 = Release|Any CPU
		{5EF7E7EF-075A-4AC3-A1BE-49A3BBF67A0E}.Debug|Any CPU.ActiveCfg = Debug|Any CPU
		{5EF7E7EF-075A-4AC3-A1BE-49A3BBF67A0E}.Debug|Any CPU.Build.0 = Debug|Any CPU
		{5EF7E7EF-075A-4AC3-A1BE-49A3BBF67A0E}.Release|Any CPU.ActiveCfg = Release|Any CPU
		{5EF7E7EF-075A-4AC3-A1BE-49A3BBF67A0E}.Release|Any CPU.Build.0 = Release|Any CPU
		{86286629-1BA1-40FF-9982-A03743483891}.Debug|Any CPU.ActiveCfg = Debug|Any CPU
		{86286629-1BA1-40FF-9982-A03743483891}.Debug|Any CPU.Build.0 = Debug|Any CPU
		{86286629-1BA1-40FF-9982-A03743483891}.Release|Any CPU.ActiveCfg = Release|Any CPU
		{86286629-1BA1-40FF-9982-A03743483891}.Release|Any CPU.Build.0 = Release|Any CPU
		{5FDF525D-86C9-4949-9AC9-412354160F9F}.Debug|Any CPU.ActiveCfg = Debug|Any CPU
		{5FDF525D-86C9-4949-9AC9-412354160F9F}.Debug|Any CPU.Build.0 = Debug|Any CPU
		{5FDF525D-86C9-4949-9AC9-412354160F9F}.Release|Any CPU.ActiveCfg = Release|Any CPU
		{5FDF525D-86C9-4949-9AC9-412354160F9F}.Release|Any CPU.Build.0 = Release|Any CPU
		{9304695D-800E-4681-BACA-E06901C53940}.Debug|Any CPU.ActiveCfg = Debug|Any CPU
		{9304695D-800E-4681-BACA-E06901C53940}.Debug|Any CPU.Build.0 = Debug|Any CPU
		{9304695D-800E-4681-BACA-E06901C53940}.Release|Any CPU.ActiveCfg = Release|Any CPU
		{9304695D-800E-4681-BACA-E06901C53940}.Release|Any CPU.Build.0 = Release|Any CPU
	EndGlobalSection
	GlobalSection(SolutionProperties) = preSolution
		HideSolutionNode = FALSE
	EndGlobalSection
	GlobalSection(NestedProjects) = preSolution
		{9304695D-800E-4681-BACA-E06901C53940} = {297F3E64-C085-4149-8AB0-54B11AA3983D}
	EndGlobalSection
	GlobalSection(ExtensibilityGlobals) = postSolution
		SolutionGuid = {A2668E37-FC5D-41F0-AF2C-5CD4A2A2198F}
	EndGlobalSection
EndGlobal
